<?xml version="1.0" encoding="utf-8"?>
<Project ToolsVersion="4.0" xmlns="http://schemas.microsoft.com/developer/msbuild/2003">
  <ItemGroup>
    <Filter Include="Source Files">
      <UniqueIdentifier>{4FC737F1-C7A5-4376-A066-2A32D752A2FF}</UniqueIdentifier>
      <Extensions>cpp;c;cc;cxx;def;odl;idl;hpj;bat;asm;asmx</Extensions>
    </Filter>
    <Filter Include="Header Files">
      <UniqueIdentifier>{93995380-89BD-4b04-88EB-625FBE52EBFB}</UniqueIdentifier>
      <Extensions>h;hpp;hxx;hm;inl;inc;xsd</Extensions>
    </Filter>
    <Filter Include="Resource Files">
      <UniqueIdentifier>{67DA6AB6-F800-4c08-8B7A-83BB121AAD01}</UniqueIdentifier>
      <Extensions>rc;ico;cur;bmp;dlg;rc2;rct;bin;rgs;gif;jpg;jpeg;jpe;resx;tiff;tif;png;wav;mfcribbon-ms</Extensions>
    </Filter>
    <Filter Include="Source Files\Debug">
      <UniqueIdentifier>{d338eb2d-c1a7-4859-8614-1ac978f80f85}</UniqueIdentifier>
    </Filter>
    <Filter Include="Source Files\net">
      <UniqueIdentifier>{ca4f6756-8f09-4dbf-a0a0-40e58aaf25e3}</UniqueIdentifier>
    </Filter>
    <Filter Include="Source Files\Video">
      <UniqueIdentifier>{06359278-6f04-4f08-a580-616e762a9b4b}</UniqueIdentifier>
    </Filter>
    <Filter Include="Source Files\Audio">
      <UniqueIdentifier>{b9aa3ed4-bf90-490c-873e-d0e71764c2da}</UniqueIdentifier>
    </Filter>
    <Filter Include="Header Files\net">
      <UniqueIdentifier>{394074d1-8764-4cd2-a198-9e8f693f4e9b}</UniqueIdentifier>
    </Filter>
    <Filter Include="Header Files\Video">
      <UniqueIdentifier>{f1006ce8-8b15-4dfd-a141-be544e1b1ecc}</UniqueIdentifier>
    </Filter>
  </ItemGroup>
  <ItemGroup>
    <ClCompile Include="Main.cpp">
      <Filter>Source Files</Filter>
    </ClCompile>
    <ClCompile Include="vid_Encode.cpp">
      <Filter>Source Files\Video</Filter>
    </ClCompile>
    <ClCompile Include="NetworkMain.cpp">
      <Filter>Source Files\net</Filter>
    </ClCompile>
    <ClCompile Include="glCap.cpp">
      <Filter>Source Files\Video</Filter>
    </ClCompile>
    <ClCompile Include="ScreenCapture.cpp">
      <Filter>Source Files\Video</Filter>
    </ClCompile>
    <ClCompile Include="TcpServer.h">
      <Filter>Header Files\net</Filter>
    </ClCompile>
    <ClCompile Include="TcpServer.cpp">
      <Filter>Source Files\net</Filter>
    </ClCompile>
    <ClCompile Include="TcpConnection.cpp">
      <Filter>Source Files\net</Filter>
    </ClCompile>
  </ItemGroup>
  <ItemGroup>
    <ClInclude Include="resource.h">
      <Filter>Header Files</Filter>
    </ClInclude>
    <ClInclude Include="Util.h">
      <Filter>Header Files</Filter>
    </ClInclude>
    <ClInclude Include="Logger.h">
      <Filter>Header Files</Filter>
    </ClInclude>
    <ClInclude Include="Client.h">
      <Filter>Header Files</Filter>
    </ClInclude>
    <ClInclude Include="NetworkMain.h">
      <Filter>Header Files\net</Filter>
    </ClInclude>
    <ClInclude Include="Frame.h">
      <Filter>Header Files\Video</Filter>
    </ClInclude>
    <ClInclude Include="glCap.h">
      <Filter>Header Files\Video</Filter>
    </ClInclude>
    <ClInclude Include="ScreenCapture.h">
      <Filter>Header Files\Video</Filter>
    </ClInclude>
    <ClInclude Include="vid_Encode.h">
      <Filter>Header Files\Video</Filter>
    </ClInclude>
    <ClInclude Include="BoostMacro.h">
      <Filter>Header Files</Filter>
    </ClInclude>
    <ClInclude Include="TcpConnection.h">
      <Filter>Header Files\net</Filter>
    </ClInclude>
  </ItemGroup>
</Project>